
Microsoft Visual Studio Solution File, Format Version 12.00
# Visual Studio 14
VisualStudioVersion = 14.0.25420.1
MinimumVisualStudioVersion = 10.0.40219.1
Project("{FAE04EC0-301F-11D3-BF4B-00C04F79EFBC}") = "App2.Android", "App2\App2.Android\App2.Android.csproj", "{0CFF9015-2B59-4B2F-A4F0-4655385FB47D}"
EndProject
Project("{FAE04EC0-301F-11D3-BF4B-00C04F79EFBC}") = "App2", "App2\App2\App2.csproj", "{E468F8D2-339C-4FD5-B2D2-ED7D04B67D29}"
EndProject
Project("{FAE04EC0-301F-11D3-BF4B-00C04F79EFBC}") = "App2.UWP", "App2\App2.UWP\App2.UWP.csproj", "{11FDE680-6560-42A7-B440-07311CBD1EA5}"
EndProject
Project("{FAE04EC0-301F-11D3-BF4B-00C04F79EFBC}") = "App2.iOS", "App2\App2.iOS\App2.iOS.csproj", "{76087E82-E84E-49FA-A263-3BDA77503192}"
EndProject
Project("{FAE04EC0-301F-11D3-BF4B-00C04F79EFBC}") = "App2.Test", "App2.Test\App2.Test.csproj", "{651A12CC-9B93-43BE-BE58-BA6942ACAAEF}"
EndProject
Global
	GlobalSection(SolutionConfigurationPlatforms) = preSolution
		Ad-Hoc|Any CPU = Ad-Hoc|Any CPU
		Ad-Hoc|ARM = Ad-Hoc|ARM
		Ad-Hoc|iPhone = Ad-Hoc|iPhone
		Ad-Hoc|iPhoneSimulator = Ad-Hoc|iPhoneSimulator
		Ad-Hoc|x64 = Ad-Hoc|x64
		Ad-Hoc|x86 = Ad-Hoc|x86
		AppStore|Any CPU = AppStore|Any CPU
		AppStore|ARM = AppStore|ARM
		AppStore|iPhone = AppStore|iPhone
		AppStore|iPhoneSimulator = AppStore|iPhoneSimulator
		AppStore|x64 = AppStore|x64
		AppStore|x86 = AppStore|x86
		Debug|Any CPU = Debug|Any CPU
		Debug|ARM = Debug|ARM
		Debug|iPhone = Debug|iPhone
		Debug|iPhoneSimulator = Debug|iPhoneSimulator
		Debug|x64 = Debug|x64
		Debug|x86 = Debug|x86
		Release|Any CPU = Release|Any CPU
		Release|ARM = Release|ARM
		Release|iPhone = Release|iPhone
		Release|iPhoneSimulator = Release|iPhoneSimulator
		Release|x64 = Release|x64
		Release|x86 = Release|x86
	EndGlobalSection
	GlobalSection(ProjectConfigurationPlatforms) = postSolution
		{0CFF9015-2B59-4B2F-A4F0-4655385FB47D}.Ad-Hoc|Any CPU.ActiveCfg = Release|Any CPU
		{0CFF9015-2B59-4B2F-A4F0-4655385FB47D}.Ad-Hoc|Any CPU.Build.0 = Release|Any CPU
		{0CFF9015-2B59-4B2F-A4F0-4655385FB47D}.Ad-Hoc|Any CPU.Deploy.0 = Release|Any CPU
		{0CFF9015-2B59-4B2F-A4F0-4655385FB47D}.Ad-Hoc|ARM.ActiveCfg = Release|Any CPU
		{0CFF9015-2B59-4B2F-A4F0-4655385FB47D}.Ad-Hoc|ARM.Build.0 = Release|Any CPU
		{0CFF9015-2B59-4B2F-A4F0-4655385FB47D}.Ad-Hoc|ARM.Deploy.0 = Release|Any CPU
		{0CFF9015-2B59-4B2F-A4F0-4655385FB47D}.Ad-Hoc|iPhone.ActiveCfg = Release|Any CPU
		{0CFF9015-2B59-4B2F-A4F0-4655385FB47D}.Ad-Hoc|iPhone.Build.0 = Release|Any CPU
		{0CFF9015-2B59-4B2F-A4F0-4655385FB47D}.Ad-Hoc|iPhone.Deploy.0 = Release|Any CPU
		{0CFF9015-2B59-4B2F-A4F0-4655385FB47D}.Ad-Hoc|iPhoneSimulator.ActiveCfg = Release|Any CPU
		{0CFF9015-2B59-4B2F-A4F0-4655385FB47D}.Ad-Hoc|iPhoneSimulator.Build.0 = Release|Any CPU
		{0CFF9015-2B59-4B2F-A4F0-4655385FB47D}.Ad-Hoc|iPhoneSimulator.Deploy.0 = Release|Any CPU
		{0CFF9015-2B59-4B2F-A4F0-4655385FB47D}.Ad-Hoc|x64.ActiveCfg = Release|Any CPU
		{0CFF9015-2B59-4B2F-A4F0-4655385FB47D}.Ad-Hoc|x64.Build.0 = Release|Any CPU
		{0CFF9015-2B59-4B2F-A4F0-4655385FB47D}.Ad-Hoc|x64.Deploy.0 = Release|Any CPU
		{0CFF9015-2B59-4B2F-A4F0-4655385FB47D}.Ad-Hoc|x86.ActiveCfg = Release|Any CPU
		{0CFF9015-2B59-4B2F-A4F0-4655385FB47D}.Ad-Hoc|x86.Build.0 = Release|Any CPU
		{0CFF9015-2B59-4B2F-A4F0-4655385FB47D}.Ad-Hoc|x86.Deploy.0 = Release|Any CPU
		{0CFF9015-2B59-4B2F-A4F0-4655385FB47D}.AppStore|Any CPU.ActiveCfg = Release|Any CPU
		{0CFF9015-2B59-4B2F-A4F0-4655385FB47D}.AppStore|Any CPU.Build.0 = Release|Any CPU
		{0CFF9015-2B59-4B2F-A4F0-4655385FB47D}.AppStore|Any CPU.Deploy.0 = Release|Any CPU
		{0CFF9015-2B59-4B2F-A4F0-4655385FB47D}.AppStore|ARM.ActiveCfg = Release|Any CPU
		{0CFF9015-2B59-4B2F-A4F0-4655385FB47D}.AppStore|ARM.Build.0 = Release|Any CPU
		{0CFF9015-2B59-4B2F-A4F0-4655385FB47D}.AppStore|ARM.Deploy.0 = Release|Any CPU
		{0CFF9015-2B59-4B2F-A4F0-4655385FB47D}.AppStore|iPhone.ActiveCfg = Release|Any CPU
		{0CFF9015-2B59-4B2F-A4F0-4655385FB47D}.AppStore|iPhone.Build.0 = Release|Any CPU
		{0CFF9015-2B59-4B2F-A4F0-4655385FB47D}.AppStore|iPhone.Deploy.0 = Release|Any CPU
		{0CFF9015-2B59-4B2F-A4F0-4655385FB47D}.AppStore|iPhoneSimulator.ActiveCfg = Release|Any CPU
		{0CFF9015-2B59-4B2F-A4F0-4655385FB47D}.AppStore|iPhoneSimulator.Build.0 = Release|Any CPU
		{0CFF9015-2B59-4B2F-A4F0-4655385FB47D}.AppStore|iPhoneSimulator.Deploy.0 = Release|Any CPU
		{0CFF9015-2B59-4B2F-A4F0-4655385FB47D}.AppStore|x64.ActiveCfg = Release|Any CPU
		{0CFF9015-2B59-4B2F-A4F0-4655385FB47D}.AppStore|x64.Build.0 = Release|Any CPU
		{0CFF9015-2B59-4B2F-A4F0-4655385FB47D}.AppStore|x64.Deploy.0 = Release|Any CPU
		{0CFF9015-2B59-4B2F-A4F0-4655385FB47D}.AppStore|x86.ActiveCfg = Release|Any CPU
		{0CFF9015-2B59-4B2F-A4F0-4655385FB47D}.AppStore|x86.Build.0 = Release|Any CPU
		{0CFF9015-2B59-4B2F-A4F0-4655385FB47D}.AppStore|x86.Deploy.0 = Release|Any CPU
		{0CFF9015-2B59-4B2F-A4F0-4655385FB47D}.Debug|Any CPU.ActiveCfg = Debug|Any CPU
		{0CFF9015-2B59-4B2F-A4F0-4655385FB47D}.Debug|Any CPU.Build.0 = Debug|Any CPU
		{0CFF9015-2B59-4B2F-A4F0-4655385FB47D}.Debug|Any CPU.Deploy.0 = Debug|Any CPU
		{0CFF9015-2B59-4B2F-A4F0-4655385FB47D}.Debug|ARM.ActiveCfg = Debug|Any CPU
		{0CFF9015-2B59-4B2F-A4F0-4655385FB47D}.Debug|ARM.Build.0 = Debug|Any CPU
		{0CFF9015-2B59-4B2F-A4F0-4655385FB47D}.Debug|ARM.Deploy.0 = Debug|Any CPU
		{0CFF9015-2B59-4B2F-A4F0-4655385FB47D}.Debug|iPhone.ActiveCfg = Debug|Any CPU
		{0CFF9015-2B59-4B2F-A4F0-4655385FB47D}.Debug|iPhone.Build.0 = Debug|Any CPU
		{0CFF9015-2B59-4B2F-A4F0-4655385FB47D}.Debug|iPhone.Deploy.0 = Debug|Any CPU
		{0CFF9015-2B59-4B2F-A4F0-4655385FB47D}.Debug|iPhoneSimulator.ActiveCfg = Debug|Any CPU
		{0CFF9015-2B59-4B2F-A4F0-4655385FB47D}.Debug|iPhoneSimulator.Build.0 = Debug|Any CPU
		{0CFF9015-2B59-4B2F-A4F0-4655385FB47D}.Debug|iPhoneSimulator.Deploy.0 = Debug|Any CPU
		{0CFF9015-2B59-4B2F-A4F0-4655385FB47D}.Debug|x64.ActiveCfg = Debug|Any CPU
		{0CFF9015-2B59-4B2F-A4F0-4655385FB47D}.Debug|x64.Build.0 = Debug|Any CPU
		{0CFF9015-2B59-4B2F-A4F0-4655385FB47D}.Debug|x64.Deploy.0 = Debug|Any CPU
		{0CFF9015-2B59-4B2F-A4F0-4655385FB47D}.Debug|x86.ActiveCfg = Debug|Any CPU
		{0CFF9015-2B59-4B2F-A4F0-4655385FB47D}.Debug|x86.Build.0 = Debug|Any CPU
		{0CFF9015-2B59-4B2F-A4F0-4655385FB47D}.Debug|x86.Deploy.0 = Debug|Any CPU
		{0CFF9015-2B59-4B2F-A4F0-4655385FB47D}.Release|Any CPU.ActiveCfg = Release|Any CPU
		{0CFF9015-2B59-4B2F-A4F0-4655385FB47D}.Release|Any CPU.Build.0 = Release|Any CPU
		{0CFF9015-2B59-4B2F-A4F0-4655385FB47D}.Release|Any CPU.Deploy.0 = Release|Any CPU
		{0CFF9015-2B59-4B2F-A4F0-4655385FB47D}.Release|ARM.ActiveCfg = Release|Any CPU
		{0CFF9015-2B59-4B2F-A4F0-4655385FB47D}.Release|ARM.Build.0 = Release|Any CPU
		{0CFF9015-2B59-4B2F-A4F0-4655385FB47D}.Release|ARM.Deploy.0 = Release|Any CPU
		{0CFF9015-2B59-4B2F-A4F0-4655385FB47D}.Release|iPhone.ActiveCfg = Release|Any CPU
		{0CFF9015-2B59-4B2F-A4F0-4655385FB47D}.Release|iPhone.Build.0 = Release|Any CPU
		{0CFF9015-2B59-4B2F-A4F0-4655385FB47D}.Release|iPhone.Deploy.0 = Release|Any CPU
		{0CFF9015-2B59-4B2F-A4F0-4655385FB47D}.Release|iPhoneSimulator.ActiveCfg = Release|Any CPU
		{0CFF9015-2B59-4B2F-A4F0-4655385FB47D}.Release|iPhoneSimulator.Build.0 = Release|Any CPU
		{0CFF9015-2B59-4B2F-A4F0-4655385FB47D}.Release|iPhoneSimulator.Deploy.0 = Release|Any CPU
		{0CFF9015-2B59-4B2F-A4F0-4655385FB47D}.Release|x64.ActiveCfg = Release|Any CPU
		{0CFF9015-2B59-4B2F-A4F0-4655385FB47D}.Release|x64.Build.0 = Release|Any CPU
		{0CFF9015-2B59-4B2F-A4F0-4655385FB47D}.Release|x64.Deploy.0 = Release|Any CPU
		{0CFF9015-2B59-4B2F-A4F0-4655385FB47D}.Release|x86.ActiveCfg = Release|Any CPU
		{0CFF9015-2B59-4B2F-A4F0-4655385FB47D}.Release|x86.Build.0 = Release|Any CPU
		{0CFF9015-2B59-4B2F-A4F0-4655385FB47D}.Release|x86.Deploy.0 = Release|Any CPU
		{E468F8D2-339C-4FD5-B2D2-ED7D04B67D29}.Ad-Hoc|Any CPU.ActiveCfg = Release|Any CPU
		{E468F8D2-339C-4FD5-B2D2-ED7D04B67D29}.Ad-Hoc|Any CPU.Build.0 = Release|Any CPU
		{E468F8D2-339C-4FD5-B2D2-ED7D04B67D29}.Ad-Hoc|ARM.ActiveCfg = Release|Any CPU
		{E468F8D2-339C-4FD5-B2D2-ED7D04B67D29}.Ad-Hoc|ARM.Build.0 = Release|Any CPU
		{E468F8D2-339C-4FD5-B2D2-ED7D04B67D29}.Ad-Hoc|iPhone.ActiveCfg = Release|Any CPU
		{E468F8D2-339C-4FD5-B2D2-ED7D04B67D29}.Ad-Hoc|iPhone.Build.0 = Release|Any CPU
		{E468F8D2-339C-4FD5-B2D2-ED7D04B67D29}.Ad-Hoc|iPhoneSimulator.ActiveCfg = Release|Any CPU
		{E468F8D2-339C-4FD5-B2D2-ED7D04B67D29}.Ad-Hoc|iPhoneSimulator.Build.0 = Release|Any CPU
		{E468F8D2-339C-4FD5-B2D2-ED7D04B67D29}.Ad-Hoc|x64.ActiveCfg = Release|Any CPU
		{E468F8D2-339C-4FD5-B2D2-ED7D04B67D29}.Ad-Hoc|x64.Build.0 = Release|Any CPU
		{E468F8D2-339C-4FD5-B2D2-ED7D04B67D29}.Ad-Hoc|x86.ActiveCfg = Release|Any CPU
		{E468F8D2-339C-4FD5-B2D2-ED7D04B67D29}.Ad-Hoc|x86.Build.0 = Release|Any CPU
		{E468F8D2-339C-4FD5-B2D2-ED7D04B67D29}.AppStore|Any CPU.ActiveCfg = Release|Any CPU
		{E468F8D2-339C-4FD5-B2D2-ED7D04B67D29}.AppStore|Any CPU.Build.0 = Release|Any CPU
		{E468F8D2-339C-4FD5-B2D2-ED7D04B67D29}.AppStore|ARM.ActiveCfg = Release|Any CPU
		{E468F8D2-339C-4FD5-B2D2-ED7D04B67D29}.AppStore|ARM.Build.0 = Release|Any CPU
		{E468F8D2-339C-4FD5-B2D2-ED7D04B67D29}.AppStore|iPhone.ActiveCfg = Release|Any CPU
		{E468F8D2-339C-4FD5-B2D2-ED7D04B67D29}.AppStore|iPhone.Build.0 = Release|Any CPU
		{E468F8D2-339C-4FD5-B2D2-ED7D04B67D29}.AppStore|iPhoneSimulator.ActiveCfg = Release|Any CPU
		{E468F8D2-339C-4FD5-B2D2-ED7D04B67D29}.AppStore|iPhoneSimulator.Build.0 = Release|Any CPU
		{E468F8D2-339C-4FD5-B2D2-ED7D04B67D29}.AppStore|x64.ActiveCfg = Release|Any CPU
		{E468F8D2-339C-4FD5-B2D2-ED7D04B67D29}.AppStore|x64.Build.0 = Release|Any CPU
		{E468F8D2-339C-4FD5-B2D2-ED7D04B67D29}.AppStore|x86.ActiveCfg = Release|Any CPU
		{E468F8D2-339C-4FD5-B2D2-ED7D04B67D29}.AppStore|x86.Build.0 = Release|Any CPU
		{E468F8D2-339C-4FD5-B2D2-ED7D04B67D29}.Debug|Any CPU.ActiveCfg = Debug|Any CPU
		{E468F8D2-339C-4FD5-B2D2-ED7D04B67D29}.Debug|Any CPU.Build.0 = Debug|Any CPU
		{E468F8D2-339C-4FD5-B2D2-ED7D04B67D29}.Debug|ARM.ActiveCfg = Debug|Any CPU
		{E468F8D2-339C-4FD5-B2D2-ED7D04B67D29}.Debug|ARM.Build.0 = Debug|Any CPU
		{E468F8D2-339C-4FD5-B2D2-ED7D04B67D29}.Debug|iPhone.ActiveCfg = Debug|Any CPU
		{E468F8D2-339C-4FD5-B2D2-ED7D04B67D29}.Debug|iPhone.Build.0 = Debug|Any CPU
		{E468F8D2-339C-4FD5-B2D2-ED7D04B67D29}.Debug|iPhoneSimulator.ActiveCfg = Debug|Any CPU
		{E468F8D2-339C-4FD5-B2D2-ED7D04B67D29}.Debug|iPhoneSimulator.Build.0 = Debug|Any CPU
		{E468F8D2-339C-4FD5-B2D2-ED7D04B67D29}.Debug|x64.ActiveCfg = Debug|Any CPU
		{E468F8D2-339C-4FD5-B2D2-ED7D04B67D29}.Debug|x64.Build.0 = Debug|Any CPU
		{E468F8D2-339C-4FD5-B2D2-ED7D04B67D29}.Debug|x86.ActiveCfg = Debug|Any CPU
		{E468F8D2-339C-4FD5-B2D2-ED7D04B67D29}.Debug|x86.Build.0 = Debug|Any CPU
		{E468F8D2-339C-4FD5-B2D2-ED7D04B67D29}.Release|Any CPU.ActiveCfg = Release|Any CPU
		{E468F8D2-339C-4FD5-B2D2-ED7D04B67D29}.Release|Any CPU.Build.0 = Release|Any CPU
		{E468F8D2-339C-4FD5-B2D2-ED7D04B67D29}.Release|ARM.ActiveCfg = Release|Any CPU
		{E468F8D2-339C-4FD5-B2D2-ED7D04B67D29}.Release|ARM.Build.0 = Release|Any CPU
		{E468F8D2-339C-4FD5-B2D2-ED7D04B67D29}.Release|iPhone.ActiveCfg = Release|Any CPU
		{E468F8D2-339C-4FD5-B2D2-ED7D04B67D29}.Release|iPhone.Build.0 = Release|Any CPU
		{E468F8D2-339C-4FD5-B2D2-ED7D04B67D29}.Release|iPhoneSimulator.ActiveCfg = Release|Any CPU
		{E468F8D2-339C-4FD5-B2D2-ED7D04B67D29}.Release|iPhoneSimulator.Build.0 = Release|Any CPU
		{E468F8D2-339C-4FD5-B2D2-ED7D04B67D29}.Release|x64.ActiveCfg = Release|Any CPU
		{E468F8D2-339C-4FD5-B2D2-ED7D04B67D29}.Release|x64.Build.0 = Release|Any CPU
		{E468F8D2-339C-4FD5-B2D2-ED7D04B67D29}.Release|x86.ActiveCfg = Release|Any CPU
		{E468F8D2-339C-4FD5-B2D2-ED7D04B67D29}.Release|x86.Build.0 = Release|Any CPU
		{11FDE680-6560-42A7-B440-07311CBD1EA5}.Ad-Hoc|Any CPU.ActiveCfg = Release|x86
		{11FDE680-6560-42A7-B440-07311CBD1EA5}.Ad-Hoc|Any CPU.Build.0 = Release|x86
		{11FDE680-6560-42A7-B440-07311CBD1EA5}.Ad-Hoc|Any CPU.Deploy.0 = Release|x86
		{11FDE680-6560-42A7-B440-07311CBD1EA5}.Ad-Hoc|ARM.ActiveCfg = Release|ARM
		{11FDE680-6560-42A7-B440-07311CBD1EA5}.Ad-Hoc|ARM.Build.0 = Release|ARM
		{11FDE680-6560-42A7-B440-07311CBD1EA5}.Ad-Hoc|ARM.Deploy.0 = Release|ARM
		{11FDE680-6560-42A7-B440-07311CBD1EA5}.Ad-Hoc|iPhone.ActiveCfg = Release|x86
		{11FDE680-6560-42A7-B440-07311CBD1EA5}.Ad-Hoc|iPhone.Build.0 = Release|x86
		{11FDE680-6560-42A7-B440-07311CBD1EA5}.Ad-Hoc|iPhone.Deploy.0 = Release|x86
		{11FDE680-6560-42A7-B440-07311CBD1EA5}.Ad-Hoc|iPhoneSimulator.ActiveCfg = Release|x86
		{11FDE680-6560-42A7-B440-07311CBD1EA5}.Ad-Hoc|iPhoneSimulator.Build.0 = Release|x86
		{11FDE680-6560-42A7-B440-07311CBD1EA5}.Ad-Hoc|iPhoneSimulator.Deploy.0 = Release|x86
		{11FDE680-6560-42A7-B440-07311CBD1EA5}.Ad-Hoc|x64.ActiveCfg = Release|x64
		{11FDE680-6560-42A7-B440-07311CBD1EA5}.Ad-Hoc|x64.Build.0 = Release|x64
		{11FDE680-6560-42A7-B440-07311CBD1EA5}.Ad-Hoc|x64.Deploy.0 = Release|x64
		{11FDE680-6560-42A7-B440-07311CBD1EA5}.Ad-Hoc|x86.ActiveCfg = Release|x86
		{11FDE680-6560-42A7-B440-07311CBD1EA5}.Ad-Hoc|x86.Build.0 = Release|x86
		{11FDE680-6560-42A7-B440-07311CBD1EA5}.Ad-Hoc|x86.Deploy.0 = Release|x86
		{11FDE680-6560-42A7-B440-07311CBD1EA5}.AppStore|Any CPU.ActiveCfg = Release|x86
		{11FDE680-6560-42A7-B440-07311CBD1EA5}.AppStore|Any CPU.Build.0 = Release|x86
		{11FDE680-6560-42A7-B440-07311CBD1EA5}.AppStore|Any CPU.Deploy.0 = Release|x86
		{11FDE680-6560-42A7-B440-07311CBD1EA5}.AppStore|ARM.ActiveCfg = Release|ARM
		{11FDE680-6560-42A7-B440-07311CBD1EA5}.AppStore|ARM.Build.0 = Release|ARM
		{11FDE680-6560-42A7-B440-07311CBD1EA5}.AppStore|ARM.Deploy.0 = Release|ARM
		{11FDE680-6560-42A7-B440-07311CBD1EA5}.AppStore|iPhone.ActiveCfg = Release|x86
		{11FDE680-6560-42A7-B440-07311CBD1EA5}.AppStore|iPhone.Build.0 = Release|x86
		{11FDE680-6560-42A7-B440-07311CBD1EA5}.AppStore|iPhone.Deploy.0 = Release|x86
		{11FDE680-6560-42A7-B440-07311CBD1EA5}.AppStore|iPhoneSimulator.ActiveCfg = Release|x86
		{11FDE680-6560-42A7-B440-07311CBD1EA5}.AppStore|iPhoneSimulator.Build.0 = Release|x86
		{11FDE680-6560-42A7-B440-07311CBD1EA5}.AppStore|iPhoneSimulator.Deploy.0 = Release|x86
		{11FDE680-6560-42A7-B440-07311CBD1EA5}.AppStore|x64.ActiveCfg = Release|x64
		{11FDE680-6560-42A7-B440-07311CBD1EA5}.AppStore|x64.Build.0 = Release|x64
		{11FDE680-6560-42A7-B440-07311CBD1EA5}.AppStore|x64.Deploy.0 = Release|x64
		{11FDE680-6560-42A7-B440-07311CBD1EA5}.AppStore|x86.ActiveCfg = Release|x86
		{11FDE680-6560-42A7-B440-07311CBD1EA5}.AppStore|x86.Build.0 = Release|x86
		{11FDE680-6560-42A7-B440-07311CBD1EA5}.AppStore|x86.Deploy.0 = Release|x86
		{11FDE680-6560-42A7-B440-07311CBD1EA5}.Debug|Any CPU.ActiveCfg = Debug|x86
		{11FDE680-6560-42A7-B440-07311CBD1EA5}.Debug|Any CPU.Build.0 = Debug|x86
		{11FDE680-6560-42A7-B440-07311CBD1EA5}.Debug|Any CPU.Deploy.0 = Debug|x86
		{11FDE680-6560-42A7-B440-07311CBD1EA5}.Debug|ARM.ActiveCfg = Debug|ARM
		{11FDE680-6560-42A7-B440-07311CBD1EA5}.Debug|ARM.Build.0 = Debug|ARM
		{11FDE680-6560-42A7-B440-07311CBD1EA5}.Debug|ARM.Deploy.0 = Debug|ARM
		{11FDE680-6560-42A7-B440-07311CBD1EA5}.Debug|iPhone.ActiveCfg = Debug|x86
		{11FDE680-6560-42A7-B440-07311CBD1EA5}.Debug|iPhone.Build.0 = Debug|x86
		{11FDE680-6560-42A7-B440-07311CBD1EA5}.Debug|iPhone.Deploy.0 = Debug|x86
		{11FDE680-6560-42A7-B440-07311CBD1EA5}.Debug|iPhoneSimulator.ActiveCfg = Debug|x86
		{11FDE680-6560-42A7-B440-07311CBD1EA5}.Debug|x64.ActiveCfg = Debug|x64
		{11FDE680-6560-42A7-B440-07311CBD1EA5}.Debug|x64.Build.0 = Debug|x64
		{11FDE680-6560-42A7-B440-07311CBD1EA5}.Debug|x64.Deploy.0 = Debug|x64
		{11FDE680-6560-42A7-B440-07311CBD1EA5}.Debug|x86.ActiveCfg = Debug|x86
		{11FDE680-6560-42A7-B440-07311CBD1EA5}.Debug|x86.Build.0 = Debug|x86
		{11FDE680-6560-42A7-B440-07311CBD1EA5}.Debug|x86.Deploy.0 = Debug|x86
		{11FDE680-6560-42A7-B440-07311CBD1EA5}.Release|Any CPU.ActiveCfg = Release|x86
		{11FDE680-6560-42A7-B440-07311CBD1EA5}.Release|ARM.ActiveCfg = Release|ARM
		{11FDE680-6560-42A7-B440-07311CBD1EA5}.Release|ARM.Build.0 = Release|ARM
		{11FDE680-6560-42A7-B440-07311CBD1EA5}.Release|ARM.Deploy.0 = Release|ARM
		{11FDE680-6560-42A7-B440-07311CBD1EA5}.Release|iPhone.ActiveCfg = Release|x86
		{11FDE680-6560-42A7-B440-07311CBD1EA5}.Release|iPhoneSimulator.ActiveCfg = Release|x86
		{11FDE680-6560-42A7-B440-07311CBD1EA5}.Release|x64.ActiveCfg = Release|x64
		{11FDE680-6560-42A7-B440-07311CBD1EA5}.Release|x64.Build.0 = Release|x64
		{11FDE680-6560-42A7-B440-07311CBD1EA5}.Release|x64.Deploy.0 = Release|x64
		{11FDE680-6560-42A7-B440-07311CBD1EA5}.Release|x86.ActiveCfg = Release|x86
		{11FDE680-6560-42A7-B440-07311CBD1EA5}.Release|x86.Build.0 = Release|x86
		{11FDE680-6560-42A7-B440-07311CBD1EA5}.Release|x86.Deploy.0 = Release|x86
		{76087E82-E84E-49FA-A263-3BDA77503192}.Ad-Hoc|Any CPU.ActiveCfg = Ad-Hoc|iPhone
		{76087E82-E84E-49FA-A263-3BDA77503192}.Ad-Hoc|ARM.ActiveCfg = Ad-Hoc|iPhone
		{76087E82-E84E-49FA-A263-3BDA77503192}.Ad-Hoc|iPhone.ActiveCfg = Ad-Hoc|iPhone
		{76087E82-E84E-49FA-A263-3BDA77503192}.Ad-Hoc|iPhone.Build.0 = Ad-Hoc|iPhone
		{76087E82-E84E-49FA-A263-3BDA77503192}.Ad-Hoc|iPhoneSimulator.ActiveCfg = Ad-Hoc|iPhoneSimulator
		{76087E82-E84E-49FA-A263-3BDA77503192}.Ad-Hoc|iPhoneSimulator.Build.0 = Ad-Hoc|iPhoneSimulator
		{76087E82-E84E-49FA-A263-3BDA77503192}.Ad-Hoc|x64.ActiveCfg = Ad-Hoc|iPhone
		{76087E82-E84E-49FA-A263-3BDA77503192}.Ad-Hoc|x86.ActiveCfg = Ad-Hoc|iPhone
		{76087E82-E84E-49FA-A263-3BDA77503192}.AppStore|Any CPU.ActiveCfg = AppStore|iPhone
		{76087E82-E84E-49FA-A263-3BDA77503192}.AppStore|ARM.ActiveCfg = AppStore|iPhone
		{76087E82-E84E-49FA-A263-3BDA77503192}.AppStore|iPhone.ActiveCfg = AppStore|iPhone
		{76087E82-E84E-49FA-A263-3BDA77503192}.AppStore|iPhone.Build.0 = AppStore|iPhone
		{76087E82-E84E-49FA-A263-3BDA77503192}.AppStore|iPhoneSimulator.ActiveCfg = AppStore|iPhoneSimulator
		{76087E82-E84E-49FA-A263-3BDA77503192}.AppStore|iPhoneSimulator.Build.0 = AppStore|iPhoneSimulator
		{76087E82-E84E-49FA-A263-3BDA77503192}.AppStore|x64.ActiveCfg = AppStore|iPhone
		{76087E82-E84E-49FA-A263-3BDA77503192}.AppStore|x86.ActiveCfg = AppStore|iPhone
		{76087E82-E84E-49FA-A263-3BDA77503192}.Debug|Any CPU.ActiveCfg = Debug|iPhone
		{76087E82-E84E-49FA-A263-3BDA77503192}.Debug|Any CPU.Build.0 = Debug|iPhone
		{76087E82-E84E-49FA-A263-3BDA77503192}.Debug|ARM.ActiveCfg = Debug|iPhone
		{76087E82-E84E-49FA-A263-3BDA77503192}.Debug|iPhone.ActiveCfg = Debug|iPhone
		{76087E82-E84E-49FA-A263-3BDA77503192}.Debug|iPhoneSimulator.ActiveCfg = Debug|iPhoneSimulator
		{76087E82-E84E-49FA-A263-3BDA77503192}.Debug|iPhoneSimulator.Build.0 = Debug|iPhoneSimulator
		{76087E82-E84E-49FA-A263-3BDA77503192}.Debug|x64.ActiveCfg = Debug|iPhone
		{76087E82-E84E-49FA-A263-3BDA77503192}.Debug|x86.ActiveCfg = Debug|iPhone
		{76087E82-E84E-49FA-A263-3BDA77503192}.Release|Any CPU.ActiveCfg = Release|iPhone
		{76087E82-E84E-49FA-A263-3BDA77503192}.Release|ARM.ActiveCfg = Release|iPhone
		{76087E82-E84E-49FA-A263-3BDA77503192}.Release|iPhone.ActiveCfg = Release|iPhone
		{76087E82-E84E-49FA-A263-3BDA77503192}.Release|iPhone.Build.0 = Release|iPhone
		{76087E82-E84E-49FA-A263-3BDA77503192}.Release|iPhoneSimulator.ActiveCfg = Release|iPhoneSimulator
		{76087E82-E84E-49FA-A263-3BDA77503192}.Release|iPhoneSimulator.Build.0 = Release|iPhoneSimulator
		{76087E82-E84E-49FA-A263-3BDA77503192}.Release|x64.ActiveCfg = Release|iPhone
		{76087E82-E84E-49FA-A263-3BDA77503192}.Release|x86.ActiveCfg = Release|iPhone
		{651A12CC-9B93-43BE-BE58-BA6942ACAAEF}.Ad-Hoc|Any CPU.ActiveCfg = Release|Any CPU
		{651A12CC-9B93-43BE-BE58-BA6942ACAAEF}.Ad-Hoc|Any CPU.Build.0 = Release|Any CPU
		{651A12CC-9B93-43BE-BE58-BA6942ACAAEF}.Ad-Hoc|ARM.ActiveCfg = Release|Any CPU
		{651A12CC-9B93-43BE-BE58-BA6942ACAAEF}.Ad-Hoc|ARM.Build.0 = Release|Any CPU
		{651A12CC-9B93-43BE-BE58-BA6942ACAAEF}.Ad-Hoc|iPhone.ActiveCfg = Release|Any CPU
		{651A12CC-9B93-43BE-BE58-BA6942ACAAEF}.Ad-Hoc|iPhone.Build.0 = Release|Any CPU
		{651A12CC-9B93-43BE-BE58-BA6942ACAAEF}.Ad-Hoc|iPhoneSimulator.ActiveCfg = Release|Any CPU
		{651A12CC-9B93-43BE-BE58-BA6942ACAAEF}.Ad-Hoc|iPhoneSimulator.Build.0 = Release|Any CPU
		{651A12CC-9B93-43BE-BE58-BA6942ACAAEF}.Ad-Hoc|x64.ActiveCfg = Release|Any CPU
		{651A12CC-9B93-43BE-BE58-BA6942ACAAEF}.Ad-Hoc|x64.Build.0 = Release|Any CPU
		{651A12CC-9B93-43BE-BE58-BA6942ACAAEF}.Ad-Hoc|x86.ActiveCfg = Release|Any CPU
		{651A12CC-9B93-43BE-BE58-BA6942ACAAEF}.Ad-Hoc|x86.Build.0 = Release|Any CPU
		{651A12CC-9B93-43BE-BE58-BA6942ACAAEF}.AppStore|Any CPU.ActiveCfg = Release|Any CPU
		{651A12CC-9B93-43BE-BE58-BA6942ACAAEF}.AppStore|Any CPU.Build.0 = Release|Any CPU
		{651A12CC-9B93-43BE-BE58-BA6942ACAAEF}.AppStore|ARM.ActiveCfg = Release|Any CPU
		{651A12CC-9B93-43BE-BE58-BA6942ACAAEF}.AppStore|ARM.Build.0 = Release|Any CPU
		{651A12CC-9B93-43BE-BE58-BA6942ACAAEF}.AppStore|iPhone.ActiveCfg = Release|Any CPU
		{651A12CC-9B93-43BE-BE58-BA6942ACAAEF}.AppStore|iPhone.Build.0 = Release|Any CPU
		{651A12CC-9B93-43BE-BE58-BA6942ACAAEF}.AppStore|iPhoneSimulator.ActiveCfg = Release|Any CPU
		{651A12CC-9B93-43BE-BE58-BA6942ACAAEF}.AppStore|iPhoneSimulator.Build.0 = Release|Any CPU
		{651A12CC-9B93-43BE-BE58-BA6942ACAAEF}.AppStore|x64.ActiveCfg = Release|Any CPU
		{651A12CC-9B93-43BE-BE58-BA6942ACAAEF}.AppStore|x64.Build.0 = Release|Any CPU
		{651A12CC-9B93-43BE-BE58-BA6942ACAAEF}.AppStore|x86.ActiveCfg = Release|Any CPU
		{651A12CC-9B93-43BE-BE58-BA6942ACAAEF}.AppStore|x86.Build.0 = Release|Any CPU
		{651A12CC-9B93-43BE-BE58-BA6942ACAAEF}.Debug|Any CPU.ActiveCfg = Debug|Any CPU
		{651A12CC-9B93-43BE-BE58-BA6942ACAAEF}.Debug|Any CPU.Build.0 = Debug|Any CPU
		{651A12CC-9B93-43BE-BE58-BA6942ACAAEF}.Debug|ARM.ActiveCfg = Debug|Any CPU
		{651A12CC-9B93-43BE-BE58-BA6942ACAAEF}.Debug|ARM.Build.0 = Debug|Any CPU
		{651A12CC-9B93-43BE-BE58-BA6942ACAAEF}.Debug|iPhone.ActiveCfg = Debug|Any CPU
		{651A12CC-9B93-43BE-BE58-BA6942ACAAEF}.Debug|iPhone.Build.0 = Debug|Any CPU
		{651A12CC-9B93-43BE-BE58-BA6942ACAAEF}.Debug|iPhoneSimulator.ActiveCfg = Debug|Any CPU
		{651A12CC-9B93-43BE-BE58-BA6942ACAAEF}.Debug|iPhoneSimulator.Build.0 = Debug|Any CPU
		{651A12CC-9B93-43BE-BE58-BA6942ACAAEF}.Debug|x64.ActiveCfg = Debug|Any CPU
		{651A12CC-9B93-43BE-BE58-BA6942ACAAEF}.Debug|x64.Build.0 = Debug|Any CPU
		{651A12CC-9B93-43BE-BE58-BA6942ACAAEF}.Debug|x86.ActiveCfg = Debug|Any CPU
		{651A12CC-9B93-43BE-BE58-BA6942ACAAEF}.Debug|x86.Build.0 = Debug|Any CPU
		{651A12CC-9B93-43BE-BE58-BA6942ACAAEF}.Release|Any CPU.ActiveCfg = Release|Any CPU
		{651A12CC-9B93-43BE-BE58-BA6942ACAAEF}.Release|Any CPU.Build.0 = Release|Any CPU
		{651A12CC-9B93-43BE-BE58-BA6942ACAAEF}.Release|ARM.ActiveCfg = Release|Any CPU
		{651A12CC-9B93-43BE-BE58-BA6942ACAAEF}.Release|ARM.Build.0 = Release|Any CPU
		{651A12CC-9B93-43BE-BE58-BA6942ACAAEF}.Release|iPhone.ActiveCfg = Release|Any CPU
		{651A12CC-9B93-43BE-BE58-BA6942ACAAEF}.Release|iPhone.Build.0 = Release|Any CPU
		{651A12CC-9B93-43BE-BE58-BA6942ACAAEF}.Release|iPhoneSimulator.ActiveCfg = Release|Any CPU
		{651A12CC-9B93-43BE-BE58-BA6942ACAAEF}.Release|iPhoneSimulator.Build.0 = Release|Any CPU
		{651A12CC-9B93-43BE-BE58-BA6942ACAAEF}.Release|x64.ActiveCfg = Release|Any CPU
		{651A12CC-9B93-43BE-BE58-BA6942ACAAEF}.Release|x64.Build.0 = Release|Any CPU
		{651A12CC-9B93-43BE-BE58-BA6942ACAAEF}.Release|x86.ActiveCfg = Release|Any CPU
		{651A12CC-9B93-43BE-BE58-BA6942ACAAEF}.Release|x86.Build.0 = Release|Any CPU
	EndGlobalSection
	GlobalSection(SolutionProperties) = preSolution
		HideSolutionNode = FALSE
	EndGlobalSection
EndGlobal
